// !$*UTF8*$!
{
	archiveVersion = 1;
	classes = {
	};
	objectVersion = 46;
	objects = {

/* Begin PBXBuildFile section */
		474B2C4814CE712900A82B3C /* UIKit.framework in Frameworks */ = {isa = PBXBuildFile; fileRef = 474B2C4714CE712900A82B3C /* UIKit.framework */; };
		474B2C4A14CE712900A82B3C /* Foundation.framework in Frameworks */ = {isa = PBXBuildFile; fileRef = 474B2C4914CE712900A82B3C /* Foundation.framework */; };
		474B2C4C14CE712900A82B3C /* CoreGraphics.framework in Frameworks */ = {isa = PBXBuildFile; fileRef = 474B2C4B14CE712900A82B3C /* CoreGraphics.framework */; };
		474B2C5214CE712900A82B3C /* InfoPlist.strings in Resources */ = {isa = PBXBuildFile; fileRef = 474B2C5014CE712900A82B3C /* InfoPlist.strings */; };
		474B2C5414CE712900A82B3C /* main.m in Sources */ = {isa = PBXBuildFile; fileRef = 474B2C5314CE712900A82B3C /* main.m */; };
		474B2C5814CE712900A82B3C /* AppDelegate.m in Sources */ = {isa = PBXBuildFile; fileRef = 474B2C5714CE712900A82B3C /* AppDelegate.m */; };
		474B2C5B14CE712900A82B3C /* MainStoryboard.storyboard in Resources */ = {isa = PBXBuildFile; fileRef = 474B2C5914CE712900A82B3C /* MainStoryboard.storyboard */; };
		474B2C5E14CE712900A82B3C /* SignInController.m in Sources */ = {isa = PBXBuildFile; fileRef = 474B2C5D14CE712900A82B3C /* SignInController.m */; };
		474B2C7014CF089B00A82B3C /* Player.m in Sources */ = {isa = PBXBuildFile; fileRef = 474B2C6F14CF089B00A82B3C /* Player.m */; };
		474B2C7E14D0662000A82B3C /* OptionsViewController.m in Sources */ = {isa = PBXBuildFile; fileRef = 474B2C7D14D0662000A82B3C /* OptionsViewController.m */; };
		474B2C8414D0665900A82B3C /* OptionCell.m in Sources */ = {isa = PBXBuildFile; fileRef = 474B2C8214D0665900A82B3C /* OptionCell.m */; };
		474B2C8514D0665900A82B3C /* Option.m in Sources */ = {isa = PBXBuildFile; fileRef = 474B2C8314D0665900A82B3C /* Option.m */; };
		474B2C8914D0DBE900A82B3C /* OptionDetailsViewController.m in Sources */ = {isa = PBXBuildFile; fileRef = 474B2C8814D0DBE800A82B3C /* OptionDetailsViewController.m */; };
		475BBB8B14D221EA00EAF153 /* Reachability.m in Sources */ = {isa = PBXBuildFile; fileRef = 475BBB8A14D221EA00EAF153 /* Reachability.m */; };
		475BBB8D14D2234100EAF153 /* SystemConfiguration.framework in Frameworks */ = {isa = PBXBuildFile; fileRef = 475BBB8C14D2234100EAF153 /* SystemConfiguration.framework */; };
		47B6EA2C14D8918A0050EADB /* MainController.m in Sources */ = {isa = PBXBuildFile; fileRef = 47B6EA2B14D8918A0050EADB /* MainController.m */; };
		47B6EA3D14D8AD350050EADB /* achievement.png in Resources */ = {isa = PBXBuildFile; fileRef = 47B6EA3414D8AD350050EADB /* achievement.png */; };
		47B6EA3E14D8AD350050EADB /* avatar.png in Resources */ = {isa = PBXBuildFile; fileRef = 47B6EA3514D8AD350050EADB /* avatar.png */; };
		47B6EA3F14D8AD350050EADB /* background.png in Resources */ = {isa = PBXBuildFile; fileRef = 47B6EA3614D8AD350050EADB /* background.png */; };
		47B6EA4014D8AD350050EADB /* Icon.png in Resources */ = {isa = PBXBuildFile; fileRef = 47B6EA3714D8AD350050EADB /* Icon.png */; };
		47B6EA4114D8AD350050EADB /* search.png in Resources */ = {isa = PBXBuildFile; fileRef = 47B6EA3814D8AD350050EADB /* search.png */; };
		47B6EA4214D8AD350050EADB /* settings.png in Resources */ = {isa = PBXBuildFile; fileRef = 47B6EA3914D8AD350050EADB /* settings.png */; };
		47B6EA4314D8AD350050EADB /* start.png in Resources */ = {isa = PBXBuildFile; fileRef = 47B6EA3A14D8AD350050EADB /* start.png */; };
		47B6EA4414D8AD350050EADB /* stats.png in Resources */ = {isa = PBXBuildFile; fileRef = 47B6EA3B14D8AD350050EADB /* stats.png */; };
		47B6EA4514D8AD350050EADB /* store.png in Resources */ = {isa = PBXBuildFile; fileRef = 47B6EA3C14D8AD350050EADB /* store.png */; };
		47B6EA4914D8BBDC0050EADB /* signin.png in Resources */ = {isa = PBXBuildFile; fileRef = 47B6EA4814D8BBDC0050EADB /* signin.png */; };
		47B6EA4B14D8BD690050EADB /* signin1.png in Resources */ = {isa = PBXBuildFile; fileRef = 47B6EA4A14D8BD690050EADB /* signin1.png */; };
		47B6EA4D14D8BEAA0050EADB /* background1.png in Resources */ = {isa = PBXBuildFile; fileRef = 47B6EA4C14D8BEAA0050EADB /* background1.png */; };
/* End PBXBuildFile section */

/* Begin PBXFileReference section */
		474B2C4314CE712900A82B3C /* BT490.app */ = {isa = PBXFileReference; explicitFileType = wrapper.application; includeInIndex = 0; path = BT490.app; sourceTree = BUILT_PRODUCTS_DIR; };
		474B2C4714CE712900A82B3C /* UIKit.framework */ = {isa = PBXFileReference; lastKnownFileType = wrapper.framework; name = UIKit.framework; path = System/Library/Frameworks/UIKit.framework; sourceTree = SDKROOT; };
		474B2C4914CE712900A82B3C /* Foundation.framework */ = {isa = PBXFileReference; lastKnownFileType = wrapper.framework; name = Foundation.framework; path = System/Library/Frameworks/Foundation.framework; sourceTree = SDKROOT; };
		474B2C4B14CE712900A82B3C /* CoreGraphics.framework */ = {isa = PBXFileReference; lastKnownFileType = wrapper.framework; name = CoreGraphics.framework; path = System/Library/Frameworks/CoreGraphics.framework; sourceTree = SDKROOT; };
		474B2C4F14CE712900A82B3C /* BT490-Info.plist */ = {isa = PBXFileReference; lastKnownFileType = text.plist.xml; path = "BT490-Info.plist"; sourceTree = "<group>"; };
		474B2C5114CE712900A82B3C /* en */ = {isa = PBXFileReference; lastKnownFileType = text.plist.strings; name = en; path = en.lproj/InfoPlist.strings; sourceTree = "<group>"; };
		474B2C5314CE712900A82B3C /* main.m */ = {isa = PBXFileReference; lastKnownFileType = sourcecode.c.objc; path = main.m; sourceTree = "<group>"; };
		474B2C5514CE712900A82B3C /* BT490-Prefix.pch */ = {isa = PBXFileReference; lastKnownFileType = sourcecode.c.h; path = "BT490-Prefix.pch"; sourceTree = "<group>"; };
		474B2C5614CE712900A82B3C /* AppDelegate.h */ = {isa = PBXFileReference; lastKnownFileType = sourcecode.c.h; path = AppDelegate.h; sourceTree = "<group>"; };
		474B2C5714CE712900A82B3C /* AppDelegate.m */ = {isa = PBXFileReference; lastKnownFileType = sourcecode.c.objc; path = AppDelegate.m; sourceTree = "<group>"; };
		474B2C5A14CE712900A82B3C /* en */ = {isa = PBXFileReference; lastKnownFileType = file.storyboard; name = en; path = en.lproj/MainStoryboard.storyboard; sourceTree = "<group>"; };
		474B2C5C14CE712900A82B3C /* SignInController.h */ = {isa = PBXFileReference; lastKnownFileType = sourcecode.c.h; path = SignInController.h; sourceTree = "<group>"; };
		474B2C5D14CE712900A82B3C /* SignInController.m */ = {isa = PBXFileReference; lastKnownFileType = sourcecode.c.objc; path = SignInController.m; sourceTree = "<group>"; };
		474B2C6E14CF089B00A82B3C /* Player.h */ = {isa = PBXFileReference; fileEncoding = 4; lastKnownFileType = sourcecode.c.h; path = Player.h; sourceTree = "<group>"; };
		474B2C6F14CF089B00A82B3C /* Player.m */ = {isa = PBXFileReference; fileEncoding = 4; lastKnownFileType = sourcecode.c.objc; path = Player.m; sourceTree = "<group>"; };
		474B2C7D14D0662000A82B3C /* OptionsViewController.m */ = {isa = PBXFileReference; fileEncoding = 4; lastKnownFileType = sourcecode.c.objc; path = OptionsViewController.m; sourceTree = "<group>"; };
		474B2C7F14D0662B00A82B3C /* OptionsViewController.h */ = {isa = PBXFileReference; fileEncoding = 4; lastKnownFileType = sourcecode.c.h; path = OptionsViewController.h; sourceTree = "<group>"; };
		474B2C8014D0664C00A82B3C /* Option.h */ = {isa = PBXFileReference; fileEncoding = 4; lastKnownFileType = sourcecode.c.h; path = Option.h; sourceTree = "<group>"; };
		474B2C8114D0664C00A82B3C /* OptionCell.h */ = {isa = PBXFileReference; fileEncoding = 4; lastKnownFileType = sourcecode.c.h; path = OptionCell.h; sourceTree = "<group>"; };
		474B2C8214D0665900A82B3C /* OptionCell.m */ = {isa = PBXFileReference; fileEncoding = 4; lastKnownFileType = sourcecode.c.objc; path = OptionCell.m; sourceTree = "<group>"; };
		474B2C8314D0665900A82B3C /* Option.m */ = {isa = PBXFileReference; fileEncoding = 4; lastKnownFileType = sourcecode.c.objc; path = Option.m; sourceTree = "<group>"; };
		474B2C8714D0DBE800A82B3C /* OptionDetailsViewController.h */ = {isa = PBXFileReference; fileEncoding = 4; lastKnownFileType = sourcecode.c.h; path = OptionDetailsViewController.h; sourceTree = "<group>"; };
		474B2C8814D0DBE800A82B3C /* OptionDetailsViewController.m */ = {isa = PBXFileReference; fileEncoding = 4; lastKnownFileType = sourcecode.c.objc; path = OptionDetailsViewController.m; sourceTree = "<group>"; };
		475BBB8914D221E100EAF153 /* Reachability.h */ = {isa = PBXFileReference; fileEncoding = 4; lastKnownFileType = sourcecode.c.h; path = Reachability.h; sourceTree = "<group>"; };
		475BBB8A14D221EA00EAF153 /* Reachability.m */ = {isa = PBXFileReference; fileEncoding = 4; lastKnownFileType = sourcecode.c.objc; path = Reachability.m; sourceTree = "<group>"; };
		475BBB8C14D2234100EAF153 /* SystemConfiguration.framework */ = {isa = PBXFileReference; lastKnownFileType = wrapper.framework; name = SystemConfiguration.framework; path = System/Library/Frameworks/SystemConfiguration.framework; sourceTree = SDKROOT; };
		47B6EA2A14D8918A0050EADB /* MainController.h */ = {isa = PBXFileReference; fileEncoding = 4; lastKnownFileType = sourcecode.c.h; path = MainController.h; sourceTree = "<group>"; };
		47B6EA2B14D8918A0050EADB /* MainController.m */ = {isa = PBXFileReference; fileEncoding = 4; lastKnownFileType = sourcecode.c.objc; path = MainController.m; sourceTree = "<group>"; };
		47B6EA3414D8AD350050EADB /* achievement.png */ = {isa = PBXFileReference; lastKnownFileType = image.png; path = achievement.png; sourceTree = "<group>"; };
		47B6EA3514D8AD350050EADB /* avatar.png */ = {isa = PBXFileReference; lastKnownFileType = image.png; path = avatar.png; sourceTree = "<group>"; };
		47B6EA3614D8AD350050EADB /* background.png */ = {isa = PBXFileReference; lastKnownFileType = image.png; path = background.png; sourceTree = "<group>"; };
		47B6EA3714D8AD350050EADB /* Icon.png */ = {isa = PBXFileReference; lastKnownFileType = image.png; path = Icon.png; sourceTree = "<group>"; };
		47B6EA3814D8AD350050EADB /* search.png */ = {isa = PBXFileReference; lastKnownFileType = image.png; path = search.png; sourceTree = "<group>"; };
		47B6EA3914D8AD350050EADB /* settings.png */ = {isa = PBXFileReference; lastKnownFileType = image.png; path = settings.png; sourceTree = "<group>"; };
		47B6EA3A14D8AD350050EADB /* start.png */ = {isa = PBXFileReference; lastKnownFileType = image.png; path = start.png; sourceTree = "<group>"; };
		47B6EA3B14D8AD350050EADB /* stats.png */ = {isa = PBXFileReference; lastKnownFileType = image.png; path = stats.png; sourceTree = "<group>"; };
		47B6EA3C14D8AD350050EADB /* store.png */ = {isa = PBXFileReference; lastKnownFileType = image.png; path = store.png; sourceTree = "<group>"; };
		47B6EA4814D8BBDC0050EADB /* signin.png */ = {isa = PBXFileReference; lastKnownFileType = image.png; path = signin.png; sourceTree = "<group>"; };
		47B6EA4A14D8BD690050EADB /* signin1.png */ = {isa = PBXFileReference; lastKnownFileType = image.png; path = signin1.png; sourceTree = "<group>"; };
		47B6EA4C14D8BEAA0050EADB /* background1.png */ = {isa = PBXFileReference; lastKnownFileType = image.png; path = background1.png; sourceTree = "<group>"; };
/* End PBXFileReference section */

/* Begin PBXFrameworksBuildPhase section */
		474B2C4014CE712900A82B3C /* Frameworks */ = {
			isa = PBXFrameworksBuildPhase;
			buildActionMask = 2147483647;
			files = (
				475BBB8D14D2234100EAF153 /* SystemConfiguration.framework in Frameworks */,
				474B2C4814CE712900A82B3C /* UIKit.framework in Frameworks */,
				474B2C4A14CE712900A82B3C /* Foundation.framework in Frameworks */,
				474B2C4C14CE712900A82B3C /* CoreGraphics.framework in Frameworks */,
			);
			runOnlyForDeploymentPostprocessing = 0;
		};
/* End PBXFrameworksBuildPhase section */

/* Begin PBXGroup section */
		474B2C3814CE712900A82B3C = {
			isa = PBXGroup;
			children = (
				474B2C4D14CE712900A82B3C /* BT490 */,
				474B2C4614CE712900A82B3C /* Frameworks */,
				474B2C4414CE712900A82B3C /* Products */,
			);
			sourceTree = "<group>";
		};
		474B2C4414CE712900A82B3C /* Products */ = {
			isa = PBXGroup;
			children = (
				474B2C4314CE712900A82B3C /* BT490.app */,
			);
			name = Products;
			sourceTree = "<group>";
		};
		474B2C4614CE712900A82B3C /* Frameworks */ = {
			isa = PBXGroup;
			children = (
				475BBB8C14D2234100EAF153 /* SystemConfiguration.framework */,
				474B2C4714CE712900A82B3C /* UIKit.framework */,
				474B2C4914CE712900A82B3C /* Foundation.framework */,
				474B2C4B14CE712900A82B3C /* CoreGraphics.framework */,
			);
			name = Frameworks;
			sourceTree = "<group>";
		};
		474B2C4D14CE712900A82B3C /* BT490 */ = {
			isa = PBXGroup;
			children = (
				47DDF03114D5130100A7E22F /* Core */,
				474B2C5914CE712900A82B3C /* MainStoryboard.storyboard */,
				474B2C4E14CE712900A82B3C /* Supporting Files */,
			);
			path = BT490;
			sourceTree = "<group>";
		};
		474B2C4E14CE712900A82B3C /* Supporting Files */ = {
			isa = PBXGroup;
			children = (
				47B6EA3314D8AD350050EADB /* Pics */,
				474B2C4F14CE712900A82B3C /* BT490-Info.plist */,
				474B2C5014CE712900A82B3C /* InfoPlist.strings */,
				474B2C5314CE712900A82B3C /* main.m */,
				474B2C5514CE712900A82B3C /* BT490-Prefix.pch */,
			);
			name = "Supporting Files";
			sourceTree = "<group>";
		};
		474B2C6414CE713E00A82B3C /* Interface */ = {
			isa = PBXGroup;
			children = (
				474B2C5C14CE712900A82B3C /* SignInController.h */,
			);
			name = Interface;
			sourceTree = "<group>";
		};
		474B2C6514CE714E00A82B3C /* Implementation */ = {
			isa = PBXGroup;
			children = (
				474B2C5D14CE712900A82B3C /* SignInController.m */,
			);
			name = Implementation;
			sourceTree = "<group>";
		};
		47B6EA2414D890FB0050EADB /* Main */ = {
			isa = PBXGroup;
			children = (
				47B6EA2514D891070050EADB /* Interface */,
				47B6EA2914D8912E0050EADB /* Implementation */,
			);
			name = Main;
			sourceTree = "<group>";
		};
		47B6EA2514D891070050EADB /* Interface */ = {
			isa = PBXGroup;
			children = (
				47B6EA2A14D8918A0050EADB /* MainController.h */,
			);
			name = Interface;
			sourceTree = "<group>";
		};
		47B6EA2914D8912E0050EADB /* Implementation */ = {
			isa = PBXGroup;
			children = (
				47B6EA2B14D8918A0050EADB /* MainController.m */,
			);
			name = Implementation;
			sourceTree = "<group>";
		};
		47B6EA3314D8AD350050EADB /* Pics */ = {
			isa = PBXGroup;
			children = (
				47B6EA4C14D8BEAA0050EADB /* background1.png */,
				47B6EA4A14D8BD690050EADB /* signin1.png */,
				47B6EA4814D8BBDC0050EADB /* signin.png */,
				47B6EA3414D8AD350050EADB /* achievement.png */,
				47B6EA3514D8AD350050EADB /* avatar.png */,
				47B6EA3614D8AD350050EADB /* background.png */,
				47B6EA3714D8AD350050EADB /* Icon.png */,
				47B6EA3814D8AD350050EADB /* search.png */,
				47B6EA3914D8AD350050EADB /* settings.png */,
				47B6EA3A14D8AD350050EADB /* start.png */,
				47B6EA3B14D8AD350050EADB /* stats.png */,
				47B6EA3C14D8AD350050EADB /* store.png */,
			);
			path = Pics;
			sourceTree = "<group>";
		};
		47DDF03114D5130100A7E22F /* Core */ = {
			isa = PBXGroup;
			children = (
				47B6EA2414D890FB0050EADB /* Main */,
				47DDF03D14D5143B00A7E22F /* AppDelegate */,
				47DDF03A14D5140300A7E22F /* Player */,
				47DDF03514D5135E00A7E22F /* Option */,
				47DDF03414D5135000A7E22F /* Network */,
				47DDF03314D5132900A7E22F /* SignIn */,
			);
			name = Core;
			sourceTree = "<group>";
		};
		47DDF03314D5132900A7E22F /* SignIn */ = {
			isa = PBXGroup;
			children = (
				474B2C6414CE713E00A82B3C /* Interface */,
				474B2C6514CE714E00A82B3C /* Implementation */,
			);
			name = SignIn;
			sourceTree = "<group>";
		};
		47DDF03414D5135000A7E22F /* Network */ = {
			isa = PBXGroup;
			children = (
				47DDF03814D513A300A7E22F /* Interface */,
				47DDF03914D513AB00A7E22F /* Implementation */,
			);
			name = Network;
			sourceTree = "<group>";
		};
		47DDF03514D5135E00A7E22F /* Option */ = {
			isa = PBXGroup;
			children = (
				47DDF03614D5138000A7E22F /* Interface */,
				47DDF03714D5138A00A7E22F /* Implementation */,
			);
			name = Option;
			sourceTree = "<group>";
		};
		47DDF03614D5138000A7E22F /* Interface */ = {
			isa = PBXGroup;
			children = (
				474B2C8014D0664C00A82B3C /* Option.h */,
				474B2C8114D0664C00A82B3C /* OptionCell.h */,
				474B2C7F14D0662B00A82B3C /* OptionsViewController.h */,
				474B2C8714D0DBE800A82B3C /* OptionDetailsViewController.h */,
			);
			name = Interface;
			sourceTree = "<group>";
		};
		47DDF03714D5138A00A7E22F /* Implementation */ = {
			isa = PBXGroup;
			children = (
				474B2C8814D0DBE800A82B3C /* OptionDetailsViewController.m */,
				474B2C7D14D0662000A82B3C /* OptionsViewController.m */,
				474B2C8214D0665900A82B3C /* OptionCell.m */,
				474B2C8314D0665900A82B3C /* Option.m */,
			);
			name = Implementation;
			sourceTree = "<group>";
		};
		47DDF03814D513A300A7E22F /* Interface */ = {
			isa = PBXGroup;
			children = (
				475BBB8914D221E100EAF153 /* Reachability.h */,
			);
			name = Interface;
			sourceTree = "<group>";
		};
		47DDF03914D513AB00A7E22F /* Implementation */ = {
			isa = PBXGroup;
			children = (
				475BBB8A14D221EA00EAF153 /* Reachability.m */,
			);
			name = Implementation;
			sourceTree = "<group>";
		};
		47DDF03A14D5140300A7E22F /* Player */ = {
			isa = PBXGroup;
			children = (
				47DDF03B14D5140C00A7E22F /* Interface */,
				47DDF03C14D5141500A7E22F /* Implementation */,
			);
			name = Player;
			sourceTree = "<group>";
		};
		47DDF03B14D5140C00A7E22F /* Interface */ = {
			isa = PBXGroup;
			children = (
				474B2C6E14CF089B00A82B3C /* Player.h */,
			);
			name = Interface;
			sourceTree = "<group>";
		};
		47DDF03C14D5141500A7E22F /* Implementation */ = {
			isa = PBXGroup;
			children = (
				474B2C6F14CF089B00A82B3C /* Player.m */,
			);
			name = Implementation;
			sourceTree = "<group>";
		};
		47DDF03D14D5143B00A7E22F /* AppDelegate */ = {
			isa = PBXGroup;
			children = (
				47DDF03F14D5144A00A7E22F /* Interface */,
				47DDF03E14D5144700A7E22F /* Implementation */,
			);
			name = AppDelegate;
			sourceTree = "<group>";
		};
		47DDF03E14D5144700A7E22F /* Implementation */ = {
			isa = PBXGroup;
			children = (
				474B2C5714CE712900A82B3C /* AppDelegate.m */,
			);
			name = Implementation;
			sourceTree = "<group>";
		};
		47DDF03F14D5144A00A7E22F /* Interface */ = {
			isa = PBXGroup;
			children = (
				474B2C5614CE712900A82B3C /* AppDelegate.h */,
			);
			name = Interface;
			sourceTree = "<group>";
		};
/* End PBXGroup section */

/* Begin PBXNativeTarget section */
		474B2C4214CE712900A82B3C /* BT490 */ = {
			isa = PBXNativeTarget;
			buildConfigurationList = 474B2C6114CE712900A82B3C /* Build configuration list for PBXNativeTarget "BT490" */;
			buildPhases = (
				474B2C3F14CE712900A82B3C /* Sources */,
				474B2C4014CE712900A82B3C /* Frameworks */,
				474B2C4114CE712900A82B3C /* Resources */,
			);
			buildRules = (
			);
			dependencies = (
			);
			name = BT490;
			productName = BT490;
			productReference = 474B2C4314CE712900A82B3C /* BT490.app */;
			productType = "com.apple.product-type.application";
		};
/* End PBXNativeTarget section */

/* Begin PBXProject section */
		474B2C3A14CE712900A82B3C /* Project object */ = {
			isa = PBXProject;
			attributes = {
				LastUpgradeCheck = 0420;
			};
			buildConfigurationList = 474B2C3D14CE712900A82B3C /* Build configuration list for PBXProject "BT490" */;
			compatibilityVersion = "Xcode 3.2";
			developmentRegion = English;
			hasScannedForEncodings = 0;
			knownRegions = (
				en,
			);
			mainGroup = 474B2C3814CE712900A82B3C;
			productRefGroup = 474B2C4414CE712900A82B3C /* Products */;
			projectDirPath = "";
			projectRoot = "";
			targets = (
				474B2C4214CE712900A82B3C /* BT490 */,
			);
		};
/* End PBXProject section */

/* Begin PBXResourcesBuildPhase section */
		474B2C4114CE712900A82B3C /* Resources */ = {
			isa = PBXResourcesBuildPhase;
			buildActionMask = 2147483647;
			files = (
				474B2C5214CE712900A82B3C /* InfoPlist.strings in Resources */,
				474B2C5B14CE712900A82B3C /* MainStoryboard.storyboard in Resources */,
				47B6EA3D14D8AD350050EADB /* achievement.png in Resources */,
				47B6EA3E14D8AD350050EADB /* avatar.png in Resources */,
				47B6EA3F14D8AD350050EADB /* background.png in Resources */,
				47B6EA4014D8AD350050EADB /* Icon.png in Resources */,
				47B6EA4114D8AD350050EADB /* search.png in Resources */,
				47B6EA4214D8AD350050EADB /* settings.png in Resources */,
				47B6EA4314D8AD350050EADB /* start.png in Resources */,
				47B6EA4414D8AD350050EADB /* stats.png in Resources */,
				47B6EA4514D8AD350050EADB /* store.png in Resources */,
				47B6EA4914D8BBDC0050EADB /* signin.png in Resources */,
				47B6EA4B14D8BD690050EADB /* signin1.png in Resources */,
				47B6EA4D14D8BEAA0050EADB /* background1.png in Resources */,
			);
			runOnlyForDeploymentPostprocessing = 0;
		};
/* End PBXResourcesBuildPhase section */

/* Begin PBXSourcesBuildPhase section */
		474B2C3F14CE712900A82B3C /* Sources */ = {
			isa = PBXSourcesBuildPhase;
			buildActionMask = 2147483647;
			files = (
				474B2C5414CE712900A82B3C /* main.m in Sources */,
				474B2C5814CE712900A82B3C /* AppDelegate.m in Sources */,
				474B2C5E14CE712900A82B3C /* SignInController.m in Sources */,
				474B2C7014CF089B00A82B3C /* Player.m in Sources */,
				474B2C7E14D0662000A82B3C /* OptionsViewController.m in Sources */,
				474B2C8414D0665900A82B3C /* OptionCell.m in Sources */,
				474B2C8514D0665900A82B3C /* Option.m in Sources */,
				474B2C8914D0DBE900A82B3C /* OptionDetailsViewController.m in Sources */,
				475BBB8B14D221EA00EAF153 /* Reachability.m in Sources */,
				47B6EA2C14D8918A0050EADB /* MainController.m in Sources */,
			);
			runOnlyForDeploymentPostprocessing = 0;
		};
/* End PBXSourcesBuildPhase section */

/* Begin PBXVariantGroup section */
		474B2C5014CE712900A82B3C /* InfoPlist.strings */ = {
			isa = PBXVariantGroup;
			children = (
				474B2C5114CE712900A82B3C /* en */,
			);
			name = InfoPlist.strings;
			sourceTree = "<group>";
		};
		474B2C5914CE712900A82B3C /* MainStoryboard.storyboard */ = {
			isa = PBXVariantGroup;
			children = (
				474B2C5A14CE712900A82B3C /* en */,
			);
			name = MainStoryboard.storyboard;
			sourceTree = "<group>";
		};
/* End PBXVariantGroup section */

/* Begin XCBuildConfiguration section */
		474B2C5F14CE712900A82B3C /* Debug */ = {
			isa = XCBuildConfiguration;
			buildSettings = {
				ALWAYS_SEARCH_USER_PATHS = NO;
				ARCHS = "$(ARCHS_STANDARD_32_BIT)";
				CLANG_ENABLE_OBJC_ARC = YES;
				"CODE_SIGN_IDENTITY[sdk=iphoneos*]" = "iPhone Developer";
				COPY_PHASE_STRIP = NO;
				GCC_C_LANGUAGE_STANDARD = gnu99;
				GCC_DYNAMIC_NO_PIC = NO;
				GCC_OPTIMIZATION_LEVEL = 0;
				GCC_PREPROCESSOR_DEFINITIONS = (
					"DEBUG=1",
					"$(inherited)",
				);
				GCC_SYMBOLS_PRIVATE_EXTERN = NO;
				GCC_VERSION = com.apple.compilers.llvm.clang.1_0;
				GCC_WARN_ABOUT_MISSING_PROTOTYPES = YES;
				GCC_WARN_ABOUT_RETURN_TYPE = YES;
				GCC_WARN_UNUSED_VARIABLE = YES;
				IPHONEOS_DEPLOYMENT_TARGET = 5.0;
				SDKROOT = iphoneos;
			};
			name = Debug;
		};
		474B2C6014CE712900A82B3C /* Release */ = {
			isa = XCBuildConfiguration;
			buildSettings = {
				ALWAYS_SEARCH_USER_PATHS = NO;
				ARCHS = "$(ARCHS_STANDARD_32_BIT)";
				CLANG_ENABLE_OBJC_ARC = YES;
				"CODE_SIGN_IDENTITY[sdk=iphoneos*]" = "iPhone Developer";
				COPY_PHASE_STRIP = YES;
				GCC_C_LANGUAGE_STANDARD = gnu99;
				GCC_VERSION = com.apple.compilers.llvm.clang.1_0;
				GCC_WARN_ABOUT_MISSING_PROTOTYPES = YES;
				GCC_WARN_ABOUT_RETURN_TYPE = YES;
				GCC_WARN_UNUSED_VARIABLE = YES;
				IPHONEOS_DEPLOYMENT_TARGET = 5.0;
				OTHER_CFLAGS = "-DNS_BLOCK_ASSERTIONS=1";
				SDKROOT = iphoneos;
				VALIDATE_PRODUCT = YES;
			};
			name = Release;
		};
		474B2C6214CE712900A82B3C /* Debug */ = {
			isa = XCBuildConfiguration;
			buildSettings = {
				GCC_PRECOMPILE_PREFIX_HEADER = YES;
				GCC_PREFIX_HEADER = "BT490/BT490-Prefix.pch";
				INFOPLIST_FILE = "BT490/BT490-Info.plist";
				PRODUCT_NAME = "$(TARGET_NAME)";
				WRAPPER_EXTENSION = app;
			};
			name = Debug;
		};
		474B2C6314CE712900A82B3C /* Release */ = {
			isa = XCBuildConfiguration;
			buildSettings = {
				GCC_PRECOMPILE_PREFIX_HEADER = YES;
				GCC_PREFIX_HEADER = "BT490/BT490-Prefix.pch";
				INFOPLIST_FILE = "BT490/BT490-Info.plist";
				PRODUCT_NAME = "$(TARGET_NAME)";
				WRAPPER_EXTENSION = app;
			};
			name = Release;
		};
/* End XCBuildConfiguration section */

/* Begin XCConfigurationList section */
		474B2C3D14CE712900A82B3C /* Build configuration list for PBXProject "BT490" */ = {
			isa = XCConfigurationList;
			buildConfigurations = (
				474B2C5F14CE712900A82B3C /* Debug */,
				474B2C6014CE712900A82B3C /* Release */,
			);
			defaultConfigurationIsVisible = 0;
			defaultConfigurationName = Release;
		};
		474B2C6114CE712900A82B3C /* Build configuration list for PBXNativeTarget "BT490" */ = {
			isa = XCConfigurationList;
			buildConfigurations = (
				474B2C6214CE712900A82B3C /* Debug */,
				474B2C6314CE712900A82B3C /* Release */,
			);
			defaultConfigurationIsVisible = 0;
			defaultConfigurationName = Release;
		};
/* End XCConfigurationList section */
	};
	rootObject = 474B2C3A14CE712900A82B3C /* Project object */;
}
